
Microsoft Visual Studio Solution File, Format Version 12.00
# Visual Studio Version 17
VisualStudioVersion = 17.9.34728.123
MinimumVisualStudioVersion = 10.0.40219.1
Project("{FAE04EC0-301F-11D3-BF4B-00C04F79EFBC}") = "Casino", "Casino\Casino.csproj", "{BF620917-CF40-44A5-9DD9-081DC33DAE4D}"
EndProject
Global
	GlobalSection(SolutionConfigurationPlatforms) = preSolution
		Debug|Any CPU = Debug|Any CPU
		Release|Any CPU = Release|Any CPU
	EndGlobalSection
	GlobalSection(ProjectConfigurationPlatforms) = postSolution
		{BF620917-CF40-44A5-9DD9-081DC33DAE4D}.Debug|Any CPU.ActiveCfg = Debug|Any CPU
		{BF620917-CF40-44A5-9DD9-081DC33DAE4D}.Debug|Any CPU.Build.0 = Debug|Any CPU
		{BF620917-CF40-44A5-9DD9-081DC33DAE4D}.Release|Any CPU.ActiveCfg = Release|Any CPU
		{BF620917-CF40-44A5-9DD9-081DC33DAE4D}.Release|Any CPU.Build.0 = Release|Any CPU
	EndGlobalSection
	GlobalSection(SolutionProperties) = preSolution
		HideSolutionNode = FALSE
	EndGlobalSection
	GlobalSection(ExtensibilityGlobals) = postSolution
		SolutionGuid = {E4DE27F7-5C2E-4F02-8CB5-A8A0CAFFAA6E}
	EndGlobalSection
EndGlobal
